
Microsoft Visual Studio Solution File, Format Version 12.00
# Visual Studio Version 17
VisualStudioVersion = 17.3.32825.248
MinimumVisualStudioVersion = 10.0.40219.1
Project("{FAE04EC0-301F-11D3-BF4B-00C04F79EFBC}") = "WindowsFormsApp5", "WindowsFormsApp5\WindowsFormsApp5.csproj", "{196BE89B-CCDD-42FB-AAE6-5FF5A1093B26}"
EndProject
Project("{FAE04EC0-301F-11D3-BF4B-00C04F79EFBC}") = "WindowsFormsApp1", "WindowsFormsApp1\WindowsFormsApp1.csproj", "{C8D7FEE2-5462-47D5-827F-24A4CBBC31ED}"
EndProject
Project("{FAE04EC0-301F-11D3-BF4B-00C04F79EFBC}") = "WindowsFormsApp2", "WindowsFormsApp2\WindowsFormsApp2.csproj", "{B30E57CD-FDEC-4C4B-810D-CC9A484EA870}"
EndProject
Global
	GlobalSection(SolutionConfigurationPlatforms) = preSolution
		Debug|Any CPU = Debug|Any CPU
		Release|Any CPU = Release|Any CPU
	EndGlobalSection
	GlobalSection(ProjectConfigurationPlatforms) = postSolution
		{196BE89B-CCDD-42FB-AAE6-5FF5A1093B26}.Debug|Any CPU.ActiveCfg = Debug|Any CPU
		{196BE89B-CCDD-42FB-AAE6-5FF5A1093B26}.Debug|Any CPU.Build.0 = Debug|Any CPU
		{196BE89B-CCDD-42FB-AAE6-5FF5A1093B26}.Release|Any CPU.ActiveCfg = Release|Any CPU
		{196BE89B-CCDD-42FB-AAE6-5FF5A1093B26}.Release|Any CPU.Build.0 = Release|Any CPU
		{C8D7FEE2-5462-47D5-827F-24A4CBBC31ED}.Debug|Any CPU.ActiveCfg = Debug|Any CPU
		{C8D7FEE2-5462-47D5-827F-24A4CBBC31ED}.Debug|Any CPU.Build.0 = Debug|Any CPU
		{C8D7FEE2-5462-47D5-827F-24A4CBBC31ED}.Release|Any CPU.ActiveCfg = Release|Any CPU
		{C8D7FEE2-5462-47D5-827F-24A4CBBC31ED}.Release|Any CPU.Build.0 = Release|Any CPU
		{B30E57CD-FDEC-4C4B-810D-CC9A484EA870}.Debug|Any CPU.ActiveCfg = Debug|Any CPU
		{B30E57CD-FDEC-4C4B-810D-CC9A484EA870}.Debug|Any CPU.Build.0 = Debug|Any CPU
		{B30E57CD-FDEC-4C4B-810D-CC9A484EA870}.Release|Any CPU.ActiveCfg = Release|Any CPU
		{B30E57CD-FDEC-4C4B-810D-CC9A484EA870}.Release|Any CPU.Build.0 = Release|Any CPU
	EndGlobalSection
	GlobalSection(SolutionProperties) = preSolution
		HideSolutionNode = FALSE
	EndGlobalSection
	GlobalSection(ExtensibilityGlobals) = postSolution
		SolutionGuid = {B7F7F861-2806-44F5-AEDF-99F4D0C28538}
	EndGlobalSection
EndGlobal
